
Microsoft Visual Studio Solution File, Format Version 12.00
# Visual Studio Version 16
VisualStudioVersion = 16.0.30804.86
MinimumVisualStudioVersion = 10.0.40219.1
Project("{FAE04EC0-301F-11D3-BF4B-00C04F79EFBC}") = "PaymentCard", "PaymentCard\PaymentCard.csproj", "{8FEF0A70-158A-4CC1-AF16-55F9A7816D16}"
EndProject
Global
	GlobalSection(SolutionConfigurationPlatforms) = preSolution
		Debug|Any CPU = Debug|Any CPU
		Release|Any CPU = Release|Any CPU
	EndGlobalSection
	GlobalSection(ProjectConfigurationPlatforms) = postSolution
		{8FEF0A70-158A-4CC1-AF16-55F9A7816D16}.Debug|Any CPU.ActiveCfg = Debug|Any CPU
		{8FEF0A70-158A-4CC1-AF16-55F9A7816D16}.Debug|Any CPU.Build.0 = Debug|Any CPU
		{8FEF0A70-158A-4CC1-AF16-55F9A7816D16}.Release|Any CPU.ActiveCfg = Release|Any CPU
		{8FEF0A70-158A-4CC1-AF16-55F9A7816D16}.Release|Any CPU.Build.0 = Release|Any CPU
	EndGlobalSection
	GlobalSection(SolutionProperties) = preSolution
		HideSolutionNode = FALSE
	EndGlobalSection
	GlobalSection(ExtensibilityGlobals) = postSolution
		SolutionGuid = {58125869-1F5A-4E8E-A54D-B180196C551A}
	EndGlobalSection
EndGlobal
