
Microsoft Visual Studio Solution File, Format Version 12.00
# Visual Studio Version 16
VisualStudioVersion = 16.0.30413.136
MinimumVisualStudioVersion = 10.0.40219.1
Project("{FAE04EC0-301F-11D3-BF4B-00C04F79EFBC}") = "CompareNumbers", "CompareNumbers.csproj", "{D16E9C01-5A28-43AF-A230-2CDEE4B04DFD}"
EndProject
Global
	GlobalSection(SolutionConfigurationPlatforms) = preSolution
		Debug|Any CPU = Debug|Any CPU
		Release|Any CPU = Release|Any CPU
	EndGlobalSection
	GlobalSection(ProjectConfigurationPlatforms) = postSolution
		{D16E9C01-5A28-43AF-A230-2CDEE4B04DFD}.Debug|Any CPU.ActiveCfg = Debug|Any CPU
		{D16E9C01-5A28-43AF-A230-2CDEE4B04DFD}.Debug|Any CPU.Build.0 = Debug|Any CPU
		{D16E9C01-5A28-43AF-A230-2CDEE4B04DFD}.Release|Any CPU.ActiveCfg = Release|Any CPU
		{D16E9C01-5A28-43AF-A230-2CDEE4B04DFD}.Release|Any CPU.Build.0 = Release|Any CPU
	EndGlobalSection
	GlobalSection(SolutionProperties) = preSolution
		HideSolutionNode = FALSE
	EndGlobalSection
	GlobalSection(ExtensibilityGlobals) = postSolution
		SolutionGuid = {3B4DB508-2816-4652-9135-0F5ED24FAD4E}
	EndGlobalSection
EndGlobal
